
Microsoft Visual Studio Solution File, Format Version 12.00
# Visual Studio 15
VisualStudioVersion = 15.0.28307.421
MinimumVisualStudioVersion = 10.0.40219.1
Project("{FAE04EC0-301F-11D3-BF4B-00C04F79EFBC}") = "Playlist", "Playlist\Playlist.csproj", "{2AF913EE-591C-46F0-AC86-2B056B79208D}"
EndProject
Global
	GlobalSection(SolutionConfigurationPlatforms) = preSolution
		Debug|Any CPU = Debug|Any CPU
		Release|Any CPU = Release|Any CPU
	EndGlobalSection
	GlobalSection(ProjectConfigurationPlatforms) = postSolution
		{2AF913EE-591C-46F0-AC86-2B056B79208D}.Debug|Any CPU.ActiveCfg = Debug|Any CPU
		{2AF913EE-591C-46F0-AC86-2B056B79208D}.Debug|Any CPU.Build.0 = Debug|Any CPU
		{2AF913EE-591C-46F0-AC86-2B056B79208D}.Release|Any CPU.ActiveCfg = Release|Any CPU
		{2AF913EE-591C-46F0-AC86-2B056B79208D}.Release|Any CPU.Build.0 = Release|Any CPU
	EndGlobalSection
	GlobalSection(SolutionProperties) = preSolution
		HideSolutionNode = FALSE
	EndGlobalSection
	GlobalSection(ExtensibilityGlobals) = postSolution
		SolutionGuid = {753A89CA-3006-4BEF-909D-9A22485B7918}
	EndGlobalSection
EndGlobal
